
Microsoft Visual Studio Solution File, Format Version 12.00
# Visual Studio 15
VisualStudioVersion = 15.0.28010.2026
MinimumVisualStudioVersion = 10.0.40219.1
Project("{FAE04EC0-301F-11D3-BF4B-00C04F79EFBC}") = "SortStack", "SortStack\SortStack.csproj", "{A1603A9A-915E-40BC-AC7E-13F24D8E97BE}"
EndProject
Project("{FAE04EC0-301F-11D3-BF4B-00C04F79EFBC}") = "SortStackTests", "SortStackTests\SortStackTests.csproj", "{A6DC5A6C-3F95-4C75-9448-09C93B969CE1}"
EndProject
Global
	GlobalSection(SolutionConfigurationPlatforms) = preSolution
		Debug|Any CPU = Debug|Any CPU
		Release|Any CPU = Release|Any CPU
	EndGlobalSection
	GlobalSection(ProjectConfigurationPlatforms) = postSolution
		{A1603A9A-915E-40BC-AC7E-13F24D8E97BE}.Debug|Any CPU.ActiveCfg = Debug|Any CPU
		{A1603A9A-915E-40BC-AC7E-13F24D8E97BE}.Debug|Any CPU.Build.0 = Debug|Any CPU
		{A1603A9A-915E-40BC-AC7E-13F24D8E97BE}.Release|Any CPU.ActiveCfg = Release|Any CPU
		{A1603A9A-915E-40BC-AC7E-13F24D8E97BE}.Release|Any CPU.Build.0 = Release|Any CPU
		{A6DC5A6C-3F95-4C75-9448-09C93B969CE1}.Debug|Any CPU.ActiveCfg = Debug|Any CPU
		{A6DC5A6C-3F95-4C75-9448-09C93B969CE1}.Debug|Any CPU.Build.0 = Debug|Any CPU
		{A6DC5A6C-3F95-4C75-9448-09C93B969CE1}.Release|Any CPU.ActiveCfg = Release|Any CPU
		{A6DC5A6C-3F95-4C75-9448-09C93B969CE1}.Release|Any CPU.Build.0 = Release|Any CPU
	EndGlobalSection
	GlobalSection(SolutionProperties) = preSolution
		HideSolutionNode = FALSE
	EndGlobalSection
	GlobalSection(ExtensibilityGlobals) = postSolution
		SolutionGuid = {FF398149-0EB0-47AE-B2E7-74D3FC65189C}
	EndGlobalSection
EndGlobal
