
Microsoft Visual Studio Solution File, Format Version 12.00
# Visual Studio 15
VisualStudioVersion = 15.0.28010.2026
MinimumVisualStudioVersion = 10.0.40219.1
Project("{FAE04EC0-301F-11D3-BF4B-00C04F79EFBC}") = "BitFlipper", "BitFlipper\BitFlipper.csproj", "{C1EF3346-A350-4D81-9082-2437F1094246}"
EndProject
Project("{FAE04EC0-301F-11D3-BF4B-00C04F79EFBC}") = "BitFlipperTests", "BitFlipperTests\BitFlipperTests.csproj", "{8721FB50-A6DA-4F02-B9E6-E81ACAEDB791}"
EndProject
Global
	GlobalSection(SolutionConfigurationPlatforms) = preSolution
		Debug|Any CPU = Debug|Any CPU
		Release|Any CPU = Release|Any CPU
	EndGlobalSection
	GlobalSection(ProjectConfigurationPlatforms) = postSolution
		{C1EF3346-A350-4D81-9082-2437F1094246}.Debug|Any CPU.ActiveCfg = Debug|Any CPU
		{C1EF3346-A350-4D81-9082-2437F1094246}.Debug|Any CPU.Build.0 = Debug|Any CPU
		{C1EF3346-A350-4D81-9082-2437F1094246}.Release|Any CPU.ActiveCfg = Release|Any CPU
		{C1EF3346-A350-4D81-9082-2437F1094246}.Release|Any CPU.Build.0 = Release|Any CPU
		{8721FB50-A6DA-4F02-B9E6-E81ACAEDB791}.Debug|Any CPU.ActiveCfg = Debug|Any CPU
		{8721FB50-A6DA-4F02-B9E6-E81ACAEDB791}.Debug|Any CPU.Build.0 = Debug|Any CPU
		{8721FB50-A6DA-4F02-B9E6-E81ACAEDB791}.Release|Any CPU.ActiveCfg = Release|Any CPU
		{8721FB50-A6DA-4F02-B9E6-E81ACAEDB791}.Release|Any CPU.Build.0 = Release|Any CPU
	EndGlobalSection
	GlobalSection(SolutionProperties) = preSolution
		HideSolutionNode = FALSE
	EndGlobalSection
	GlobalSection(ExtensibilityGlobals) = postSolution
		SolutionGuid = {20B25B7E-751C-4001-8DDD-5C2556943B7B}
	EndGlobalSection
EndGlobal
