
Microsoft Visual Studio Solution File, Format Version 12.00
# Visual Studio 15
VisualStudioVersion = 15.0.28010.2026
MinimumVisualStudioVersion = 10.0.40219.1
Project("{FAE04EC0-301F-11D3-BF4B-00C04F79EFBC}") = "MinStack", "MinStack\MinStack.csproj", "{EE4D7CD3-CA68-4263-A0A0-AE23734AE6BB}"
EndProject
Project("{FAE04EC0-301F-11D3-BF4B-00C04F79EFBC}") = "MinStackTests", "MinStackTests\MinStackTests.csproj", "{C3905A64-B5E9-4A15-9494-3117262B4068}"
EndProject
Global
	GlobalSection(SolutionConfigurationPlatforms) = preSolution
		Debug|Any CPU = Debug|Any CPU
		Release|Any CPU = Release|Any CPU
	EndGlobalSection
	GlobalSection(ProjectConfigurationPlatforms) = postSolution
		{EE4D7CD3-CA68-4263-A0A0-AE23734AE6BB}.Debug|Any CPU.ActiveCfg = Debug|Any CPU
		{EE4D7CD3-CA68-4263-A0A0-AE23734AE6BB}.Debug|Any CPU.Build.0 = Debug|Any CPU
		{EE4D7CD3-CA68-4263-A0A0-AE23734AE6BB}.Release|Any CPU.ActiveCfg = Release|Any CPU
		{EE4D7CD3-CA68-4263-A0A0-AE23734AE6BB}.Release|Any CPU.Build.0 = Release|Any CPU
		{C3905A64-B5E9-4A15-9494-3117262B4068}.Debug|Any CPU.ActiveCfg = Debug|Any CPU
		{C3905A64-B5E9-4A15-9494-3117262B4068}.Debug|Any CPU.Build.0 = Debug|Any CPU
		{C3905A64-B5E9-4A15-9494-3117262B4068}.Release|Any CPU.ActiveCfg = Release|Any CPU
		{C3905A64-B5E9-4A15-9494-3117262B4068}.Release|Any CPU.Build.0 = Release|Any CPU
	EndGlobalSection
	GlobalSection(SolutionProperties) = preSolution
		HideSolutionNode = FALSE
	EndGlobalSection
	GlobalSection(ExtensibilityGlobals) = postSolution
		SolutionGuid = {3DD9B4D9-F5EC-4797-A87D-941C3D05AAC8}
	EndGlobalSection
EndGlobal
