
Microsoft Visual Studio Solution File, Format Version 12.00
# Visual Studio 15
VisualStudioVersion = 15.0.28010.2026
MinimumVisualStudioVersion = 10.0.40219.1
Project("{FAE04EC0-301F-11D3-BF4B-00C04F79EFBC}") = "BalancedTreeVerifier", "BalancedTreeVerifier\BalancedTreeVerifier.csproj", "{D99E80EC-F4E6-47BF-A04B-3726A18BF535}"
EndProject
Project("{FAE04EC0-301F-11D3-BF4B-00C04F79EFBC}") = "GraphsInfrastructure", "..\GraphsInfrastructure\GraphsInfrastructure\GraphsInfrastructure.csproj", "{CD078A1C-64A2-4348-8167-55D25C49876A}"
EndProject
Project("{FAE04EC0-301F-11D3-BF4B-00C04F79EFBC}") = "BalancedTreeVerifierTests", "BalancedTreeVerifierTests\BalancedTreeVerifierTests.csproj", "{E1AF5338-B482-4CA3-9075-50E925FE1107}"
EndProject
Project("{FAE04EC0-301F-11D3-BF4B-00C04F79EFBC}") = "MinimalTree", "..\MinimalTree\MinimalTree\MinimalTree.csproj", "{0A663F43-8123-4DBF-8BA1-A22844372DF0}"
EndProject
Global
	GlobalSection(SolutionConfigurationPlatforms) = preSolution
		Debug|Any CPU = Debug|Any CPU
		Release|Any CPU = Release|Any CPU
	EndGlobalSection
	GlobalSection(ProjectConfigurationPlatforms) = postSolution
		{D99E80EC-F4E6-47BF-A04B-3726A18BF535}.Debug|Any CPU.ActiveCfg = Debug|Any CPU
		{D99E80EC-F4E6-47BF-A04B-3726A18BF535}.Debug|Any CPU.Build.0 = Debug|Any CPU
		{D99E80EC-F4E6-47BF-A04B-3726A18BF535}.Release|Any CPU.ActiveCfg = Release|Any CPU
		{D99E80EC-F4E6-47BF-A04B-3726A18BF535}.Release|Any CPU.Build.0 = Release|Any CPU
		{CD078A1C-64A2-4348-8167-55D25C49876A}.Debug|Any CPU.ActiveCfg = Debug|Any CPU
		{CD078A1C-64A2-4348-8167-55D25C49876A}.Debug|Any CPU.Build.0 = Debug|Any CPU
		{CD078A1C-64A2-4348-8167-55D25C49876A}.Release|Any CPU.ActiveCfg = Release|Any CPU
		{CD078A1C-64A2-4348-8167-55D25C49876A}.Release|Any CPU.Build.0 = Release|Any CPU
		{E1AF5338-B482-4CA3-9075-50E925FE1107}.Debug|Any CPU.ActiveCfg = Debug|Any CPU
		{E1AF5338-B482-4CA3-9075-50E925FE1107}.Debug|Any CPU.Build.0 = Debug|Any CPU
		{E1AF5338-B482-4CA3-9075-50E925FE1107}.Release|Any CPU.ActiveCfg = Release|Any CPU
		{E1AF5338-B482-4CA3-9075-50E925FE1107}.Release|Any CPU.Build.0 = Release|Any CPU
		{0A663F43-8123-4DBF-8BA1-A22844372DF0}.Debug|Any CPU.ActiveCfg = Debug|Any CPU
		{0A663F43-8123-4DBF-8BA1-A22844372DF0}.Debug|Any CPU.Build.0 = Debug|Any CPU
		{0A663F43-8123-4DBF-8BA1-A22844372DF0}.Release|Any CPU.ActiveCfg = Release|Any CPU
		{0A663F43-8123-4DBF-8BA1-A22844372DF0}.Release|Any CPU.Build.0 = Release|Any CPU
	EndGlobalSection
	GlobalSection(SolutionProperties) = preSolution
		HideSolutionNode = FALSE
	EndGlobalSection
	GlobalSection(ExtensibilityGlobals) = postSolution
		SolutionGuid = {F9678282-31E5-4291-9D55-C1F36003C078}
	EndGlobalSection
EndGlobal
