
Microsoft Visual Studio Solution File, Format Version 12.00
# Visual Studio 15
VisualStudioVersion = 15.0.27428.2043
MinimumVisualStudioVersion = 10.0.40219.1
Project("{FAE04EC0-301F-11D3-BF4B-00C04F79EFBC}") = "OneAwayAnalyzer", "OneAwayAnalyzer\OneAwayAnalyzer.csproj", "{4B2FCD06-60D8-44DC-89BB-7E4CB3FDB633}"
EndProject
Project("{FAE04EC0-301F-11D3-BF4B-00C04F79EFBC}") = "OneAwayAnalyzer.UnitTests", "OneAwayAnalyzer.UnitTests\OneAwayAnalyzer.UnitTests.csproj", "{654058C3-B63F-4B1A-8072-54F146E38B61}"
EndProject
Global
	GlobalSection(SolutionConfigurationPlatforms) = preSolution
		Debug|Any CPU = Debug|Any CPU
		Release|Any CPU = Release|Any CPU
	EndGlobalSection
	GlobalSection(ProjectConfigurationPlatforms) = postSolution
		{4B2FCD06-60D8-44DC-89BB-7E4CB3FDB633}.Debug|Any CPU.ActiveCfg = Debug|Any CPU
		{4B2FCD06-60D8-44DC-89BB-7E4CB3FDB633}.Debug|Any CPU.Build.0 = Debug|Any CPU
		{4B2FCD06-60D8-44DC-89BB-7E4CB3FDB633}.Release|Any CPU.ActiveCfg = Release|Any CPU
		{4B2FCD06-60D8-44DC-89BB-7E4CB3FDB633}.Release|Any CPU.Build.0 = Release|Any CPU
		{654058C3-B63F-4B1A-8072-54F146E38B61}.Debug|Any CPU.ActiveCfg = Debug|Any CPU
		{654058C3-B63F-4B1A-8072-54F146E38B61}.Debug|Any CPU.Build.0 = Debug|Any CPU
		{654058C3-B63F-4B1A-8072-54F146E38B61}.Release|Any CPU.ActiveCfg = Release|Any CPU
		{654058C3-B63F-4B1A-8072-54F146E38B61}.Release|Any CPU.Build.0 = Release|Any CPU
	EndGlobalSection
	GlobalSection(SolutionProperties) = preSolution
		HideSolutionNode = FALSE
	EndGlobalSection
	GlobalSection(ExtensibilityGlobals) = postSolution
		SolutionGuid = {A0B09777-9288-4017-B2C0-6D8B7043E8DA}
	EndGlobalSection
EndGlobal
