
Microsoft Visual Studio Solution File, Format Version 12.00
# Visual Studio 15
VisualStudioVersion = 15.0.27428.2043
MinimumVisualStudioVersion = 10.0.40219.1
Project("{FAE04EC0-301F-11D3-BF4B-00C04F79EFBC}") = "RabinKarpSubstringSearch", "RabinKarpSubstringSearch\RabinKarpSubstringSearch.csproj", "{AD867E63-7559-4BE3-A1F6-E4AE5BFD750F}"
EndProject
Global
	GlobalSection(SolutionConfigurationPlatforms) = preSolution
		Debug|Any CPU = Debug|Any CPU
		Release|Any CPU = Release|Any CPU
	EndGlobalSection
	GlobalSection(ProjectConfigurationPlatforms) = postSolution
		{AD867E63-7559-4BE3-A1F6-E4AE5BFD750F}.Debug|Any CPU.ActiveCfg = Debug|Any CPU
		{AD867E63-7559-4BE3-A1F6-E4AE5BFD750F}.Debug|Any CPU.Build.0 = Debug|Any CPU
		{AD867E63-7559-4BE3-A1F6-E4AE5BFD750F}.Release|Any CPU.ActiveCfg = Release|Any CPU
		{AD867E63-7559-4BE3-A1F6-E4AE5BFD750F}.Release|Any CPU.Build.0 = Release|Any CPU
	EndGlobalSection
	GlobalSection(SolutionProperties) = preSolution
		HideSolutionNode = FALSE
	EndGlobalSection
	GlobalSection(ExtensibilityGlobals) = postSolution
		SolutionGuid = {F0EAAF37-3BB7-43A3-AB9B-C80464F69C88}
	EndGlobalSection
EndGlobal
