
Microsoft Visual Studio Solution File, Format Version 12.00
# Visual Studio 15
VisualStudioVersion = 15.0.28010.2026
MinimumVisualStudioVersion = 10.0.40219.1
Project("{FAE04EC0-301F-11D3-BF4B-00C04F79EFBC}") = "RandomTree", "RandomTree\RandomTree.csproj", "{F8D20028-BE9B-4963-85B9-60215F05B975}"
EndProject
Project("{FAE04EC0-301F-11D3-BF4B-00C04F79EFBC}") = "GraphsInfrastructure", "..\GraphsInfrastructure\GraphsInfrastructure\GraphsInfrastructure.csproj", "{CD078A1C-64A2-4348-8167-55D25C49876A}"
EndProject
Project("{FAE04EC0-301F-11D3-BF4B-00C04F79EFBC}") = "RandomTreeTests", "RandomTreeTests\RandomTreeTests.csproj", "{3586E729-8F1C-4438-978D-E7DC2212C34B}"
EndProject
Global
	GlobalSection(SolutionConfigurationPlatforms) = preSolution
		Debug|Any CPU = Debug|Any CPU
		Release|Any CPU = Release|Any CPU
	EndGlobalSection
	GlobalSection(ProjectConfigurationPlatforms) = postSolution
		{F8D20028-BE9B-4963-85B9-60215F05B975}.Debug|Any CPU.ActiveCfg = Debug|Any CPU
		{F8D20028-BE9B-4963-85B9-60215F05B975}.Debug|Any CPU.Build.0 = Debug|Any CPU
		{F8D20028-BE9B-4963-85B9-60215F05B975}.Release|Any CPU.ActiveCfg = Release|Any CPU
		{F8D20028-BE9B-4963-85B9-60215F05B975}.Release|Any CPU.Build.0 = Release|Any CPU
		{CD078A1C-64A2-4348-8167-55D25C49876A}.Debug|Any CPU.ActiveCfg = Debug|Any CPU
		{CD078A1C-64A2-4348-8167-55D25C49876A}.Debug|Any CPU.Build.0 = Debug|Any CPU
		{CD078A1C-64A2-4348-8167-55D25C49876A}.Release|Any CPU.ActiveCfg = Release|Any CPU
		{CD078A1C-64A2-4348-8167-55D25C49876A}.Release|Any CPU.Build.0 = Release|Any CPU
		{3586E729-8F1C-4438-978D-E7DC2212C34B}.Debug|Any CPU.ActiveCfg = Debug|Any CPU
		{3586E729-8F1C-4438-978D-E7DC2212C34B}.Debug|Any CPU.Build.0 = Debug|Any CPU
		{3586E729-8F1C-4438-978D-E7DC2212C34B}.Release|Any CPU.ActiveCfg = Release|Any CPU
		{3586E729-8F1C-4438-978D-E7DC2212C34B}.Release|Any CPU.Build.0 = Release|Any CPU
	EndGlobalSection
	GlobalSection(SolutionProperties) = preSolution
		HideSolutionNode = FALSE
	EndGlobalSection
	GlobalSection(ExtensibilityGlobals) = postSolution
		SolutionGuid = {9403956F-55E6-4706-8596-3EC135EFF74D}
	EndGlobalSection
EndGlobal
