
Microsoft Visual Studio Solution File, Format Version 12.00
# Visual Studio 15
VisualStudioVersion = 15.0.28010.2026
MinimumVisualStudioVersion = 10.0.40219.1
Project("{FAE04EC0-301F-11D3-BF4B-00C04F79EFBC}") = "BitInserter", "BitInserter\BitInserter.csproj", "{2D2CB21D-80C3-4921-AEB9-5517B245AD50}"
EndProject
Project("{FAE04EC0-301F-11D3-BF4B-00C04F79EFBC}") = "BitInserterTests", "BitInserterTests\BitInserterTests.csproj", "{DEA56AAB-C5FB-4AE3-82C8-BA0B70577BBA}"
EndProject
Global
	GlobalSection(SolutionConfigurationPlatforms) = preSolution
		Debug|Any CPU = Debug|Any CPU
		Release|Any CPU = Release|Any CPU
	EndGlobalSection
	GlobalSection(ProjectConfigurationPlatforms) = postSolution
		{2D2CB21D-80C3-4921-AEB9-5517B245AD50}.Debug|Any CPU.ActiveCfg = Debug|Any CPU
		{2D2CB21D-80C3-4921-AEB9-5517B245AD50}.Debug|Any CPU.Build.0 = Debug|Any CPU
		{2D2CB21D-80C3-4921-AEB9-5517B245AD50}.Release|Any CPU.ActiveCfg = Release|Any CPU
		{2D2CB21D-80C3-4921-AEB9-5517B245AD50}.Release|Any CPU.Build.0 = Release|Any CPU
		{DEA56AAB-C5FB-4AE3-82C8-BA0B70577BBA}.Debug|Any CPU.ActiveCfg = Debug|Any CPU
		{DEA56AAB-C5FB-4AE3-82C8-BA0B70577BBA}.Debug|Any CPU.Build.0 = Debug|Any CPU
		{DEA56AAB-C5FB-4AE3-82C8-BA0B70577BBA}.Release|Any CPU.ActiveCfg = Release|Any CPU
		{DEA56AAB-C5FB-4AE3-82C8-BA0B70577BBA}.Release|Any CPU.Build.0 = Release|Any CPU
	EndGlobalSection
	GlobalSection(SolutionProperties) = preSolution
		HideSolutionNode = FALSE
	EndGlobalSection
	GlobalSection(ExtensibilityGlobals) = postSolution
		SolutionGuid = {A6FC2692-48E4-47EF-A90F-03E49A8FA602}
	EndGlobalSection
EndGlobal
