
Microsoft Visual Studio Solution File, Format Version 12.00
# Visual Studio 15
VisualStudioVersion = 15.0.28307.705
MinimumVisualStudioVersion = 10.0.40219.1
Project("{FAE04EC0-301F-11D3-BF4B-00C04F79EFBC}") = "Parens", "Parens\Parens.csproj", "{60514D01-FF47-429B-AC8A-F0485AEEFA8A}"
EndProject
Project("{FAE04EC0-301F-11D3-BF4B-00C04F79EFBC}") = "ParensTests", "ParensTests\ParensTests.csproj", "{2822F7A3-82B1-4E48-85BE-BE56803C9AD3}"
EndProject
Global
	GlobalSection(SolutionConfigurationPlatforms) = preSolution
		Debug|Any CPU = Debug|Any CPU
		Release|Any CPU = Release|Any CPU
	EndGlobalSection
	GlobalSection(ProjectConfigurationPlatforms) = postSolution
		{60514D01-FF47-429B-AC8A-F0485AEEFA8A}.Debug|Any CPU.ActiveCfg = Debug|Any CPU
		{60514D01-FF47-429B-AC8A-F0485AEEFA8A}.Debug|Any CPU.Build.0 = Debug|Any CPU
		{60514D01-FF47-429B-AC8A-F0485AEEFA8A}.Release|Any CPU.ActiveCfg = Release|Any CPU
		{60514D01-FF47-429B-AC8A-F0485AEEFA8A}.Release|Any CPU.Build.0 = Release|Any CPU
		{2822F7A3-82B1-4E48-85BE-BE56803C9AD3}.Debug|Any CPU.ActiveCfg = Debug|Any CPU
		{2822F7A3-82B1-4E48-85BE-BE56803C9AD3}.Debug|Any CPU.Build.0 = Debug|Any CPU
		{2822F7A3-82B1-4E48-85BE-BE56803C9AD3}.Release|Any CPU.ActiveCfg = Release|Any CPU
		{2822F7A3-82B1-4E48-85BE-BE56803C9AD3}.Release|Any CPU.Build.0 = Release|Any CPU
	EndGlobalSection
	GlobalSection(SolutionProperties) = preSolution
		HideSolutionNode = FALSE
	EndGlobalSection
	GlobalSection(ExtensibilityGlobals) = postSolution
		SolutionGuid = {462FF0FA-68E4-4D03-8036-6E8CFC808499}
	EndGlobalSection
EndGlobal
