
Microsoft Visual Studio Solution File, Format Version 12.00
# Visual Studio 15
VisualStudioVersion = 15.0.28010.2026
MinimumVisualStudioVersion = 10.0.40219.1
Project("{FAE04EC0-301F-11D3-BF4B-00C04F79EFBC}") = "TripleStack", "TripleStack\TripleStack.csproj", "{B258F18E-250C-4FE6-8B93-9152272025C1}"
EndProject
Project("{FAE04EC0-301F-11D3-BF4B-00C04F79EFBC}") = "StacksTests", "StacksTests\StacksTests.csproj", "{77C0F07F-B42A-452D-9EA9-C667B565ABC1}"
EndProject
Global
	GlobalSection(SolutionConfigurationPlatforms) = preSolution
		Debug|Any CPU = Debug|Any CPU
		Release|Any CPU = Release|Any CPU
	EndGlobalSection
	GlobalSection(ProjectConfigurationPlatforms) = postSolution
		{B258F18E-250C-4FE6-8B93-9152272025C1}.Debug|Any CPU.ActiveCfg = Debug|Any CPU
		{B258F18E-250C-4FE6-8B93-9152272025C1}.Debug|Any CPU.Build.0 = Debug|Any CPU
		{B258F18E-250C-4FE6-8B93-9152272025C1}.Release|Any CPU.ActiveCfg = Release|Any CPU
		{B258F18E-250C-4FE6-8B93-9152272025C1}.Release|Any CPU.Build.0 = Release|Any CPU
		{77C0F07F-B42A-452D-9EA9-C667B565ABC1}.Debug|Any CPU.ActiveCfg = Debug|Any CPU
		{77C0F07F-B42A-452D-9EA9-C667B565ABC1}.Debug|Any CPU.Build.0 = Debug|Any CPU
		{77C0F07F-B42A-452D-9EA9-C667B565ABC1}.Release|Any CPU.ActiveCfg = Release|Any CPU
		{77C0F07F-B42A-452D-9EA9-C667B565ABC1}.Release|Any CPU.Build.0 = Release|Any CPU
	EndGlobalSection
	GlobalSection(SolutionProperties) = preSolution
		HideSolutionNode = FALSE
	EndGlobalSection
	GlobalSection(ExtensibilityGlobals) = postSolution
		SolutionGuid = {601AB355-3457-47A0-B025-2873F4B652B3}
	EndGlobalSection
EndGlobal
