
Microsoft Visual Studio Solution File, Format Version 12.00
# Visual Studio 15
VisualStudioVersion = 15.0.28010.2026
MinimumVisualStudioVersion = 10.0.40219.1
Project("{FAE04EC0-301F-11D3-BF4B-00C04F79EFBC}") = "RecursiveMultiply", "RecursiveMultiply\RecursiveMultiply.csproj", "{48D77516-7CF5-46A2-882C-2617D1290F03}"
EndProject
Project("{FAE04EC0-301F-11D3-BF4B-00C04F79EFBC}") = "RecursiveMultiplyTests", "RecursiveMultiplyTests\RecursiveMultiplyTests.csproj", "{66A5AD28-8041-473F-AA59-360F57B29A37}"
EndProject
Global
	GlobalSection(SolutionConfigurationPlatforms) = preSolution
		Debug|Any CPU = Debug|Any CPU
		Release|Any CPU = Release|Any CPU
	EndGlobalSection
	GlobalSection(ProjectConfigurationPlatforms) = postSolution
		{48D77516-7CF5-46A2-882C-2617D1290F03}.Debug|Any CPU.ActiveCfg = Debug|Any CPU
		{48D77516-7CF5-46A2-882C-2617D1290F03}.Debug|Any CPU.Build.0 = Debug|Any CPU
		{48D77516-7CF5-46A2-882C-2617D1290F03}.Release|Any CPU.ActiveCfg = Release|Any CPU
		{48D77516-7CF5-46A2-882C-2617D1290F03}.Release|Any CPU.Build.0 = Release|Any CPU
		{66A5AD28-8041-473F-AA59-360F57B29A37}.Debug|Any CPU.ActiveCfg = Debug|Any CPU
		{66A5AD28-8041-473F-AA59-360F57B29A37}.Debug|Any CPU.Build.0 = Debug|Any CPU
		{66A5AD28-8041-473F-AA59-360F57B29A37}.Release|Any CPU.ActiveCfg = Release|Any CPU
		{66A5AD28-8041-473F-AA59-360F57B29A37}.Release|Any CPU.Build.0 = Release|Any CPU
	EndGlobalSection
	GlobalSection(SolutionProperties) = preSolution
		HideSolutionNode = FALSE
	EndGlobalSection
	GlobalSection(ExtensibilityGlobals) = postSolution
		SolutionGuid = {30CD3A8B-5512-4846-B6DF-1003D274DFD7}
	EndGlobalSection
EndGlobal
