
Microsoft Visual Studio Solution File, Format Version 12.00
# Visual Studio 15
VisualStudioVersion = 15.0.28307.705
MinimumVisualStudioVersion = 10.0.40219.1
Project("{FAE04EC0-301F-11D3-BF4B-00C04F79EFBC}") = "PaintFill", "PaintFill\PaintFill.csproj", "{DEBA9CB3-5A35-43C2-8FEB-3020140F3EE7}"
EndProject
Project("{FAE04EC0-301F-11D3-BF4B-00C04F79EFBC}") = "PaintFillTests", "PaintFillTests\PaintFillTests.csproj", "{6B31D7FA-DD42-4AA1-88B6-672F0EF6EF30}"
EndProject
Global
	GlobalSection(SolutionConfigurationPlatforms) = preSolution
		Debug|Any CPU = Debug|Any CPU
		Release|Any CPU = Release|Any CPU
	EndGlobalSection
	GlobalSection(ProjectConfigurationPlatforms) = postSolution
		{DEBA9CB3-5A35-43C2-8FEB-3020140F3EE7}.Debug|Any CPU.ActiveCfg = Debug|Any CPU
		{DEBA9CB3-5A35-43C2-8FEB-3020140F3EE7}.Debug|Any CPU.Build.0 = Debug|Any CPU
		{DEBA9CB3-5A35-43C2-8FEB-3020140F3EE7}.Release|Any CPU.ActiveCfg = Release|Any CPU
		{DEBA9CB3-5A35-43C2-8FEB-3020140F3EE7}.Release|Any CPU.Build.0 = Release|Any CPU
		{6B31D7FA-DD42-4AA1-88B6-672F0EF6EF30}.Debug|Any CPU.ActiveCfg = Debug|Any CPU
		{6B31D7FA-DD42-4AA1-88B6-672F0EF6EF30}.Debug|Any CPU.Build.0 = Debug|Any CPU
		{6B31D7FA-DD42-4AA1-88B6-672F0EF6EF30}.Release|Any CPU.ActiveCfg = Release|Any CPU
		{6B31D7FA-DD42-4AA1-88B6-672F0EF6EF30}.Release|Any CPU.Build.0 = Release|Any CPU
	EndGlobalSection
	GlobalSection(SolutionProperties) = preSolution
		HideSolutionNode = FALSE
	EndGlobalSection
	GlobalSection(ExtensibilityGlobals) = postSolution
		SolutionGuid = {C5C4318B-F08B-486C-A68B-F56B90878555}
	EndGlobalSection
EndGlobal
