
Microsoft Visual Studio Solution File, Format Version 12.00
# Visual Studio 15
VisualStudioVersion = 15.0.27428.2043
MinimumVisualStudioVersion = 10.0.40219.1
Project("{FAE04EC0-301F-11D3-BF4B-00C04F79EFBC}") = "StringCompressor", "StringCompressor\StringCompressor.csproj", "{3C2A2856-0779-4B64-9FCF-EFC82183585C}"
EndProject
Project("{FAE04EC0-301F-11D3-BF4B-00C04F79EFBC}") = "StringCompressor.UnitTests", "StringCompressor.UnitTests\StringCompressor.UnitTests.csproj", "{EE1B15FB-F455-47C6-A81F-5B2881FDF9E8}"
EndProject
Global
	GlobalSection(SolutionConfigurationPlatforms) = preSolution
		Debug|Any CPU = Debug|Any CPU
		Release|Any CPU = Release|Any CPU
	EndGlobalSection
	GlobalSection(ProjectConfigurationPlatforms) = postSolution
		{3C2A2856-0779-4B64-9FCF-EFC82183585C}.Debug|Any CPU.ActiveCfg = Debug|Any CPU
		{3C2A2856-0779-4B64-9FCF-EFC82183585C}.Debug|Any CPU.Build.0 = Debug|Any CPU
		{3C2A2856-0779-4B64-9FCF-EFC82183585C}.Release|Any CPU.ActiveCfg = Release|Any CPU
		{3C2A2856-0779-4B64-9FCF-EFC82183585C}.Release|Any CPU.Build.0 = Release|Any CPU
		{EE1B15FB-F455-47C6-A81F-5B2881FDF9E8}.Debug|Any CPU.ActiveCfg = Debug|Any CPU
		{EE1B15FB-F455-47C6-A81F-5B2881FDF9E8}.Debug|Any CPU.Build.0 = Debug|Any CPU
		{EE1B15FB-F455-47C6-A81F-5B2881FDF9E8}.Release|Any CPU.ActiveCfg = Release|Any CPU
		{EE1B15FB-F455-47C6-A81F-5B2881FDF9E8}.Release|Any CPU.Build.0 = Release|Any CPU
	EndGlobalSection
	GlobalSection(SolutionProperties) = preSolution
		HideSolutionNode = FALSE
	EndGlobalSection
	GlobalSection(ExtensibilityGlobals) = postSolution
		SolutionGuid = {E2F6C63E-CB0E-4A0B-86A3-8A676CF6015F}
	EndGlobalSection
EndGlobal
