
Microsoft Visual Studio Solution File, Format Version 12.00
# Visual Studio 15
VisualStudioVersion = 15.0.28307.705
MinimumVisualStudioVersion = 10.0.40219.1
Project("{FAE04EC0-301F-11D3-BF4B-00C04F79EFBC}") = "PermutationsWithDups", "PermutationsWithDups\PermutationsWithDups.csproj", "{3C466009-F62C-46AC-996F-860EC464C19C}"
EndProject
Project("{FAE04EC0-301F-11D3-BF4B-00C04F79EFBC}") = "PermutationsWithDupsTests", "PermutationsWithDupsTests\PermutationsWithDupsTests.csproj", "{A129C369-206D-4507-8CAC-34D193401A61}"
EndProject
Global
	GlobalSection(SolutionConfigurationPlatforms) = preSolution
		Debug|Any CPU = Debug|Any CPU
		Release|Any CPU = Release|Any CPU
	EndGlobalSection
	GlobalSection(ProjectConfigurationPlatforms) = postSolution
		{3C466009-F62C-46AC-996F-860EC464C19C}.Debug|Any CPU.ActiveCfg = Debug|Any CPU
		{3C466009-F62C-46AC-996F-860EC464C19C}.Debug|Any CPU.Build.0 = Debug|Any CPU
		{3C466009-F62C-46AC-996F-860EC464C19C}.Release|Any CPU.ActiveCfg = Release|Any CPU
		{3C466009-F62C-46AC-996F-860EC464C19C}.Release|Any CPU.Build.0 = Release|Any CPU
		{A129C369-206D-4507-8CAC-34D193401A61}.Debug|Any CPU.ActiveCfg = Debug|Any CPU
		{A129C369-206D-4507-8CAC-34D193401A61}.Debug|Any CPU.Build.0 = Debug|Any CPU
		{A129C369-206D-4507-8CAC-34D193401A61}.Release|Any CPU.ActiveCfg = Release|Any CPU
		{A129C369-206D-4507-8CAC-34D193401A61}.Release|Any CPU.Build.0 = Release|Any CPU
	EndGlobalSection
	GlobalSection(SolutionProperties) = preSolution
		HideSolutionNode = FALSE
	EndGlobalSection
	GlobalSection(ExtensibilityGlobals) = postSolution
		SolutionGuid = {4AC74807-8CC5-4390-9524-8BE18CC875D3}
	EndGlobalSection
EndGlobal
