
Microsoft Visual Studio Solution File, Format Version 12.00
# Visual Studio 15
VisualStudioVersion = 15.0.27428.2043
MinimumVisualStudioVersion = 10.0.40219.1
Project("{FAE04EC0-301F-11D3-BF4B-00C04F79EFBC}") = "HashTable", "HashTable\HashTable.csproj", "{34760617-1510-4171-BA21-501BDC6EC012}"
EndProject
Global
	GlobalSection(SolutionConfigurationPlatforms) = preSolution
		Debug|Any CPU = Debug|Any CPU
		Release|Any CPU = Release|Any CPU
	EndGlobalSection
	GlobalSection(ProjectConfigurationPlatforms) = postSolution
		{34760617-1510-4171-BA21-501BDC6EC012}.Debug|Any CPU.ActiveCfg = Debug|Any CPU
		{34760617-1510-4171-BA21-501BDC6EC012}.Debug|Any CPU.Build.0 = Debug|Any CPU
		{34760617-1510-4171-BA21-501BDC6EC012}.Release|Any CPU.ActiveCfg = Release|Any CPU
		{34760617-1510-4171-BA21-501BDC6EC012}.Release|Any CPU.Build.0 = Release|Any CPU
	EndGlobalSection
	GlobalSection(SolutionProperties) = preSolution
		HideSolutionNode = FALSE
	EndGlobalSection
	GlobalSection(ExtensibilityGlobals) = postSolution
		SolutionGuid = {F3E87B81-39F2-47B4-BD87-4593F04D239E}
	EndGlobalSection
EndGlobal
