
Microsoft Visual Studio Solution File, Format Version 12.00
# Visual Studio 15
VisualStudioVersion = 15.0.27130.2010
MinimumVisualStudioVersion = 10.0.40219.1
Project("{FAE04EC0-301F-11D3-BF4B-00C04F79EFBC}") = "TripleStep", "TripleStep\TripleStep.csproj", "{6D90F696-6F32-4AAE-A5E8-A151A1AE0448}"
EndProject
Project("{FAE04EC0-301F-11D3-BF4B-00C04F79EFBC}") = "TripleStepTests", "TripleStepTests\TripleStepTests.csproj", "{49DFDCF9-B0F8-4D1B-AB11-CCD563BA8D44}"
EndProject
Global
	GlobalSection(SolutionConfigurationPlatforms) = preSolution
		Debug|Any CPU = Debug|Any CPU
		Release|Any CPU = Release|Any CPU
	EndGlobalSection
	GlobalSection(ProjectConfigurationPlatforms) = postSolution
		{6D90F696-6F32-4AAE-A5E8-A151A1AE0448}.Debug|Any CPU.ActiveCfg = Debug|Any CPU
		{6D90F696-6F32-4AAE-A5E8-A151A1AE0448}.Debug|Any CPU.Build.0 = Debug|Any CPU
		{6D90F696-6F32-4AAE-A5E8-A151A1AE0448}.Release|Any CPU.ActiveCfg = Release|Any CPU
		{6D90F696-6F32-4AAE-A5E8-A151A1AE0448}.Release|Any CPU.Build.0 = Release|Any CPU
		{49DFDCF9-B0F8-4D1B-AB11-CCD563BA8D44}.Debug|Any CPU.ActiveCfg = Debug|Any CPU
		{49DFDCF9-B0F8-4D1B-AB11-CCD563BA8D44}.Debug|Any CPU.Build.0 = Debug|Any CPU
		{49DFDCF9-B0F8-4D1B-AB11-CCD563BA8D44}.Release|Any CPU.ActiveCfg = Release|Any CPU
		{49DFDCF9-B0F8-4D1B-AB11-CCD563BA8D44}.Release|Any CPU.Build.0 = Release|Any CPU
	EndGlobalSection
	GlobalSection(SolutionProperties) = preSolution
		HideSolutionNode = FALSE
	EndGlobalSection
	GlobalSection(ExtensibilityGlobals) = postSolution
		SolutionGuid = {E3EC10D2-1322-4AE0-8A6D-875D9FD133D2}
	EndGlobalSection
EndGlobal
