
Microsoft Visual Studio Solution File, Format Version 12.00
# Visual Studio 15
VisualStudioVersion = 15.0.28307.705
MinimumVisualStudioVersion = 10.0.40219.1
Project("{FAE04EC0-301F-11D3-BF4B-00C04F79EFBC}") = "EightQueens", "EightQueens\EightQueens.csproj", "{429F2E38-3362-442E-8143-0E93744534D1}"
EndProject
Project("{FAE04EC0-301F-11D3-BF4B-00C04F79EFBC}") = "EightQueensTests", "EightQueensTests\EightQueensTests.csproj", "{92309BDB-0B00-42DB-A521-4A674A89854E}"
EndProject
Global
	GlobalSection(SolutionConfigurationPlatforms) = preSolution
		Debug|Any CPU = Debug|Any CPU
		Release|Any CPU = Release|Any CPU
	EndGlobalSection
	GlobalSection(ProjectConfigurationPlatforms) = postSolution
		{429F2E38-3362-442E-8143-0E93744534D1}.Debug|Any CPU.ActiveCfg = Debug|Any CPU
		{429F2E38-3362-442E-8143-0E93744534D1}.Debug|Any CPU.Build.0 = Debug|Any CPU
		{429F2E38-3362-442E-8143-0E93744534D1}.Release|Any CPU.ActiveCfg = Release|Any CPU
		{429F2E38-3362-442E-8143-0E93744534D1}.Release|Any CPU.Build.0 = Release|Any CPU
		{92309BDB-0B00-42DB-A521-4A674A89854E}.Debug|Any CPU.ActiveCfg = Debug|Any CPU
		{92309BDB-0B00-42DB-A521-4A674A89854E}.Debug|Any CPU.Build.0 = Debug|Any CPU
		{92309BDB-0B00-42DB-A521-4A674A89854E}.Release|Any CPU.ActiveCfg = Release|Any CPU
		{92309BDB-0B00-42DB-A521-4A674A89854E}.Release|Any CPU.Build.0 = Release|Any CPU
	EndGlobalSection
	GlobalSection(SolutionProperties) = preSolution
		HideSolutionNode = FALSE
	EndGlobalSection
	GlobalSection(ExtensibilityGlobals) = postSolution
		SolutionGuid = {A2E35E7B-F914-43C3-A6D0-A1C3B74F36EC}
	EndGlobalSection
EndGlobal
